
Microsoft Visual Studio Solution File, Format Version 12.00
# Visual Studio Version 17
VisualStudioVersion = 17.4.33110.190
MinimumVisualStudioVersion = 10.0.40219.1
Project("{FAE04EC0-301F-11D3-BF4B-00C04F79EFBC}") = "AspNetMVCjQueryAJAXForm", "AspNetMVCjQueryAJAXForm\AspNetMVCjQueryAJAXForm.csproj", "{7FAF6397-B239-4D7D-AF8C-AE866A6D2ED5}"
EndProject
Global
	GlobalSection(SolutionConfigurationPlatforms) = preSolution
		Debug|Any CPU = Debug|Any CPU
		Release|Any CPU = Release|Any CPU
	EndGlobalSection
	GlobalSection(ProjectConfigurationPlatforms) = postSolution
		{7FAF6397-B239-4D7D-AF8C-AE866A6D2ED5}.Debug|Any CPU.ActiveCfg = Debug|Any CPU
		{7FAF6397-B239-4D7D-AF8C-AE866A6D2ED5}.Debug|Any CPU.Build.0 = Debug|Any CPU
		{7FAF6397-B239-4D7D-AF8C-AE866A6D2ED5}.Release|Any CPU.ActiveCfg = Release|Any CPU
		{7FAF6397-B239-4D7D-AF8C-AE866A6D2ED5}.Release|Any CPU.Build.0 = Release|Any CPU
	EndGlobalSection
	GlobalSection(SolutionProperties) = preSolution
		HideSolutionNode = FALSE
	EndGlobalSection
	GlobalSection(ExtensibilityGlobals) = postSolution
		SolutionGuid = {D505BF66-DD31-4AF4-BBDD-C60CC3E91BA9}
	EndGlobalSection
EndGlobal
